// !$*UTF8*$!
{
	archiveVersion = 1;
	classes = {
	};
	objectVersion = 56;
	objects = {

/* Begin PBXBuildFile section */
		3B459EFC2C14C5CD00CE6B4C /* RickMortyApp.swift in Sources */ = {isa = PBXBuildFile; fileRef = 3B459EFB2C14C5CD00CE6B4C /* RickMortyApp.swift */; };
		3B459F002C14C5CE00CE6B4C /* Assets.xcassets in Resources */ = {isa = PBXBuildFile; fileRef = 3B459EFF2C14C5CE00CE6B4C /* Assets.xcassets */; };
		3B459F032C14C5CE00CE6B4C /* Preview Assets.xcassets in Resources */ = {isa = PBXBuildFile; fileRef = 3B459F022C14C5CE00CE6B4C /* Preview Assets.xcassets */; };
		3B459F052C14C5CE00CE6B4C /* PersistenceController.swift in Sources */ = {isa = PBXBuildFile; fileRef = 3B459F042C14C5CE00CE6B4C /* PersistenceController.swift */; };
		3B459F082C14C5CE00CE6B4C /* RickMorty.xcdatamodeld in Sources */ = {isa = PBXBuildFile; fileRef = 3B459F062C14C5CE00CE6B4C /* RickMorty.xcdatamodeld */; };
		3B459F1C2C14C5CE00CE6B4C /* RickMortyUITests.swift in Sources */ = {isa = PBXBuildFile; fileRef = 3B459F1B2C14C5CE00CE6B4C /* RickMortyUITests.swift */; };
		3B459F2C2C14C64E00CE6B4C /* ComposableArchitecture in Frameworks */ = {isa = PBXBuildFile; productRef = 3B459F2B2C14C64E00CE6B4C /* ComposableArchitecture */; };
		3B459F352C14C79A00CE6B4C /* FavouriteCharacterRepository.swift in Sources */ = {isa = PBXBuildFile; fileRef = 3B459F342C14C79A00CE6B4C /* FavouriteCharacterRepository.swift */; };
		3B459F382C14CE9A00CE6B4C /* CharactersListView.swift in Sources */ = {isa = PBXBuildFile; fileRef = 3B459F372C14CE9A00CE6B4C /* CharactersListView.swift */; };
		3B459F3A2C14CEAC00CE6B4C /* CharacterDetailsView.swift in Sources */ = {isa = PBXBuildFile; fileRef = 3B459F392C14CEAC00CE6B4C /* CharacterDetailsView.swift */; };
		3B459F3C2C14CEB700CE6B4C /* EpisodeDetailsView.swift in Sources */ = {isa = PBXBuildFile; fileRef = 3B459F3B2C14CEB700CE6B4C /* EpisodeDetailsView.swift */; };
		3B459F3E2C14CEC200CE6B4C /* Character.swift in Sources */ = {isa = PBXBuildFile; fileRef = 3B459F3D2C14CEC200CE6B4C /* Character.swift */; };
		3B459F402C14CEC900CE6B4C /* Episode.swift in Sources */ = {isa = PBXBuildFile; fileRef = 3B459F3F2C14CEC900CE6B4C /* Episode.swift */; };
		3B459F422C14E1FE00CE6B4C /* APIResponse.swift in Sources */ = {isa = PBXBuildFile; fileRef = 3B459F412C14E1FE00CE6B4C /* APIResponse.swift */; };
		3B459F442C14E34500CE6B4C /* MainView.swift in Sources */ = {isa = PBXBuildFile; fileRef = 3B459F432C14E34500CE6B4C /* MainView.swift */; };
		3B459F462C14EBF300CE6B4C /* CharactersListReducer.swift in Sources */ = {isa = PBXBuildFile; fileRef = 3B459F452C14EBF300CE6B4C /* CharactersListReducer.swift */; };
		3B459F492C14F2CB00CE6B4C /* APIClient.swift in Sources */ = {isa = PBXBuildFile; fileRef = 3B459F482C14F2CB00CE6B4C /* APIClient.swift */; };
		3B459F4C2C15026200CE6B4C /* RickMortyNetworkWorker.swift in Sources */ = {isa = PBXBuildFile; fileRef = 3B459F4B2C15026200CE6B4C /* RickMortyNetworkWorker.swift */; };
		3B47043E2C15147A003B3238 /* CharacterListItemView.swift in Sources */ = {isa = PBXBuildFile; fileRef = 3B47043D2C15147A003B3238 /* CharacterListItemView.swift */; };
		3B4704402C1517E8003B3238 /* CharacterDetailsReducer.swift in Sources */ = {isa = PBXBuildFile; fileRef = 3B47043F2C1517E8003B3238 /* CharacterDetailsReducer.swift */; };
		3B4704432C151AB2003B3238 /* Async.swift in Sources */ = {isa = PBXBuildFile; fileRef = 3B4704422C151AB2003B3238 /* Async.swift */; };
		3B4704452C1525FF003B3238 /* OnboardingView.swift in Sources */ = {isa = PBXBuildFile; fileRef = 3B4704442C1525FE003B3238 /* OnboardingView.swift */; };
		3B47044B2C152E6D003B3238 /* RepositoryClient.swift in Sources */ = {isa = PBXBuildFile; fileRef = 3B47044A2C152E6D003B3238 /* RepositoryClient.swift */; };
		3B47044F2C15CD2F003B3238 /* GeometryModifier.swift in Sources */ = {isa = PBXBuildFile; fileRef = 3B47044E2C15CD2F003B3238 /* GeometryModifier.swift */; };
		3B4704532C15D24C003B3238 /* Shadows.swift in Sources */ = {isa = PBXBuildFile; fileRef = 3B4704522C15D24C003B3238 /* Shadows.swift */; };
		3B4704552C15D251003B3238 /* Margins.swift in Sources */ = {isa = PBXBuildFile; fileRef = 3B4704542C15D251003B3238 /* Margins.swift */; };
		3B47045C2C1625AA003B3238 /* CharactersListReducerTests.swift in Sources */ = {isa = PBXBuildFile; fileRef = 3B47045B2C1625AA003B3238 /* CharactersListReducerTests.swift */; };
		3B47045F2C1625C3003B3238 /* CharacterDetailsReducerTests.swift in Sources */ = {isa = PBXBuildFile; fileRef = 3B47045E2C1625C3003B3238 /* CharacterDetailsReducerTests.swift */; };
		3B4704652C16348E003B3238 /* FavouriteCharacterRepositoryTests.swift in Sources */ = {isa = PBXBuildFile; fileRef = 3B4704642C16348E003B3238 /* FavouriteCharacterRepositoryTests.swift */; };
		3B4704672C1634A0003B3238 /* RickMortyNetworkWorkerTests.swift in Sources */ = {isa = PBXBuildFile; fileRef = 3B4704662C1634A0003B3238 /* RickMortyNetworkWorkerTests.swift */; };
/* End PBXBuildFile section */

/* Begin PBXContainerItemProxy section */
		3B459F0E2C14C5CE00CE6B4C /* PBXContainerItemProxy */ = {
			isa = PBXContainerItemProxy;
			containerPortal = 3B459EF02C14C5CD00CE6B4C /* Project object */;
			proxyType = 1;
			remoteGlobalIDString = 3B459EF72C14C5CD00CE6B4C;
			remoteInfo = RickMorty;
		};
		3B459F182C14C5CE00CE6B4C /* PBXContainerItemProxy */ = {
			isa = PBXContainerItemProxy;
			containerPortal = 3B459EF02C14C5CD00CE6B4C /* Project object */;
			proxyType = 1;
			remoteGlobalIDString = 3B459EF72C14C5CD00CE6B4C;
			remoteInfo = RickMorty;
		};
/* End PBXContainerItemProxy section */

/* Begin PBXFileReference section */
		3B459EF82C14C5CD00CE6B4C /* RickMorty.app */ = {isa = PBXFileReference; explicitFileType = wrapper.application; includeInIndex = 0; path = RickMorty.app; sourceTree = BUILT_PRODUCTS_DIR; };
		3B459EFB2C14C5CD00CE6B4C /* RickMortyApp.swift */ = {isa = PBXFileReference; lastKnownFileType = sourcecode.swift; path = RickMortyApp.swift; sourceTree = "<group>"; };
		3B459EFF2C14C5CE00CE6B4C /* Assets.xcassets */ = {isa = PBXFileReference; lastKnownFileType = folder.assetcatalog; path = Assets.xcassets; sourceTree = "<group>"; };
		3B459F022C14C5CE00CE6B4C /* Preview Assets.xcassets */ = {isa = PBXFileReference; lastKnownFileType = folder.assetcatalog; path = "Preview Assets.xcassets"; sourceTree = "<group>"; };
		3B459F042C14C5CE00CE6B4C /* PersistenceController.swift */ = {isa = PBXFileReference; lastKnownFileType = sourcecode.swift; path = PersistenceController.swift; sourceTree = "<group>"; };
		3B459F072C14C5CE00CE6B4C /* RickMorty.xcdatamodel */ = {isa = PBXFileReference; lastKnownFileType = wrapper.xcdatamodel; path = RickMorty.xcdatamodel; sourceTree = "<group>"; };
		3B459F0D2C14C5CE00CE6B4C /* RickMortyTests.xctest */ = {isa = PBXFileReference; explicitFileType = wrapper.cfbundle; includeInIndex = 0; path = RickMortyTests.xctest; sourceTree = BUILT_PRODUCTS_DIR; };
		3B459F172C14C5CE00CE6B4C /* RickMortyUITests.xctest */ = {isa = PBXFileReference; explicitFileType = wrapper.cfbundle; includeInIndex = 0; path = RickMortyUITests.xctest; sourceTree = BUILT_PRODUCTS_DIR; };
		3B459F1B2C14C5CE00CE6B4C /* RickMortyUITests.swift */ = {isa = PBXFileReference; lastKnownFileType = sourcecode.swift; path = RickMortyUITests.swift; sourceTree = "<group>"; };
		3B459F342C14C79A00CE6B4C /* FavouriteCharacterRepository.swift */ = {isa = PBXFileReference; lastKnownFileType = sourcecode.swift; path = FavouriteCharacterRepository.swift; sourceTree = "<group>"; };
		3B459F372C14CE9A00CE6B4C /* CharactersListView.swift */ = {isa = PBXFileReference; lastKnownFileType = sourcecode.swift; path = CharactersListView.swift; sourceTree = "<group>"; };
		3B459F392C14CEAC00CE6B4C /* CharacterDetailsView.swift */ = {isa = PBXFileReference; lastKnownFileType = sourcecode.swift; path = CharacterDetailsView.swift; sourceTree = "<group>"; };
		3B459F3B2C14CEB700CE6B4C /* EpisodeDetailsView.swift */ = {isa = PBXFileReference; lastKnownFileType = sourcecode.swift; path = EpisodeDetailsView.swift; sourceTree = "<group>"; };
		3B459F3D2C14CEC200CE6B4C /* Character.swift */ = {isa = PBXFileReference; lastKnownFileType = sourcecode.swift; path = Character.swift; sourceTree = "<group>"; };
		3B459F3F2C14CEC900CE6B4C /* Episode.swift */ = {isa = PBXFileReference; lastKnownFileType = sourcecode.swift; path = Episode.swift; sourceTree = "<group>"; };
		3B459F412C14E1FE00CE6B4C /* APIResponse.swift */ = {isa = PBXFileReference; lastKnownFileType = sourcecode.swift; path = APIResponse.swift; sourceTree = "<group>"; };
		3B459F432C14E34500CE6B4C /* MainView.swift */ = {isa = PBXFileReference; lastKnownFileType = sourcecode.swift; path = MainView.swift; sourceTree = "<group>"; };
		3B459F452C14EBF300CE6B4C /* CharactersListReducer.swift */ = {isa = PBXFileReference; lastKnownFileType = sourcecode.swift; path = CharactersListReducer.swift; sourceTree = "<group>"; };
		3B459F482C14F2CB00CE6B4C /* APIClient.swift */ = {isa = PBXFileReference; lastKnownFileType = sourcecode.swift; path = APIClient.swift; sourceTree = "<group>"; };
		3B459F4B2C15026200CE6B4C /* RickMortyNetworkWorker.swift */ = {isa = PBXFileReference; lastKnownFileType = sourcecode.swift; path = RickMortyNetworkWorker.swift; sourceTree = "<group>"; };
		3B47043D2C15147A003B3238 /* CharacterListItemView.swift */ = {isa = PBXFileReference; lastKnownFileType = sourcecode.swift; path = CharacterListItemView.swift; sourceTree = "<group>"; };
		3B47043F2C1517E8003B3238 /* CharacterDetailsReducer.swift */ = {isa = PBXFileReference; lastKnownFileType = sourcecode.swift; path = CharacterDetailsReducer.swift; sourceTree = "<group>"; };
		3B4704422C151AB2003B3238 /* Async.swift */ = {isa = PBXFileReference; lastKnownFileType = sourcecode.swift; path = Async.swift; sourceTree = "<group>"; };
		3B4704442C1525FE003B3238 /* OnboardingView.swift */ = {isa = PBXFileReference; lastKnownFileType = sourcecode.swift; path = OnboardingView.swift; sourceTree = "<group>"; };
		3B47044A2C152E6D003B3238 /* RepositoryClient.swift */ = {isa = PBXFileReference; lastKnownFileType = sourcecode.swift; path = RepositoryClient.swift; sourceTree = "<group>"; };
		3B47044E2C15CD2F003B3238 /* GeometryModifier.swift */ = {isa = PBXFileReference; lastKnownFileType = sourcecode.swift; path = GeometryModifier.swift; sourceTree = "<group>"; };
		3B4704522C15D24C003B3238 /* Shadows.swift */ = {isa = PBXFileReference; lastKnownFileType = sourcecode.swift; path = Shadows.swift; sourceTree = "<group>"; };
		3B4704542C15D251003B3238 /* Margins.swift */ = {isa = PBXFileReference; lastKnownFileType = sourcecode.swift; path = Margins.swift; sourceTree = "<group>"; };
		3B47045B2C1625AA003B3238 /* CharactersListReducerTests.swift */ = {isa = PBXFileReference; lastKnownFileType = sourcecode.swift; path = CharactersListReducerTests.swift; sourceTree = "<group>"; };
		3B47045E2C1625C3003B3238 /* CharacterDetailsReducerTests.swift */ = {isa = PBXFileReference; lastKnownFileType = sourcecode.swift; path = CharacterDetailsReducerTests.swift; sourceTree = "<group>"; };
		3B4704642C16348E003B3238 /* FavouriteCharacterRepositoryTests.swift */ = {isa = PBXFileReference; lastKnownFileType = sourcecode.swift; path = FavouriteCharacterRepositoryTests.swift; sourceTree = "<group>"; };
		3B4704662C1634A0003B3238 /* RickMortyNetworkWorkerTests.swift */ = {isa = PBXFileReference; lastKnownFileType = sourcecode.swift; path = RickMortyNetworkWorkerTests.swift; sourceTree = "<group>"; };
/* End PBXFileReference section */

/* Begin PBXFrameworksBuildPhase section */
		3B459EF52C14C5CD00CE6B4C /* Frameworks */ = {
			isa = PBXFrameworksBuildPhase;
			buildActionMask = 2147483647;
			files = (
				3B459F2C2C14C64E00CE6B4C /* ComposableArchitecture in Frameworks */,
			);
			runOnlyForDeploymentPostprocessing = 0;
		};
		3B459F0A2C14C5CE00CE6B4C /* Frameworks */ = {
			isa = PBXFrameworksBuildPhase;
			buildActionMask = 2147483647;
			files = (
			);
			runOnlyForDeploymentPostprocessing = 0;
		};
		3B459F142C14C5CE00CE6B4C /* Frameworks */ = {
			isa = PBXFrameworksBuildPhase;
			buildActionMask = 2147483647;
			files = (
			);
			runOnlyForDeploymentPostprocessing = 0;
		};
/* End PBXFrameworksBuildPhase section */

/* Begin PBXGroup section */
		3B459EEF2C14C5CD00CE6B4C = {
			isa = PBXGroup;
			children = (
				3B459EFA2C14C5CD00CE6B4C /* RickMorty */,
				3B459F102C14C5CE00CE6B4C /* RickMortyTests */,
				3B459F1A2C14C5CE00CE6B4C /* RickMortyUITests */,
				3B459EF92C14C5CD00CE6B4C /* Products */,
			);
			sourceTree = "<group>";
		};
		3B459EF92C14C5CD00CE6B4C /* Products */ = {
			isa = PBXGroup;
			children = (
				3B459EF82C14C5CD00CE6B4C /* RickMorty.app */,
				3B459F0D2C14C5CE00CE6B4C /* RickMortyTests.xctest */,
				3B459F172C14C5CE00CE6B4C /* RickMortyUITests.xctest */,
			);
			name = Products;
			sourceTree = "<group>";
		};
		3B459EFA2C14C5CD00CE6B4C /* RickMorty */ = {
			isa = PBXGroup;
			children = (
				3B459EFB2C14C5CD00CE6B4C /* RickMortyApp.swift */,
				3B4704412C151AA5003B3238 /* Common */,
				3B459F302C14C70900CE6B4C /* Persistance */,
				3B459F322C14C76400CE6B4C /* Repositories */,
				3B459F4A2C1501EA00CE6B4C /* Workers */,
				3B459F332C14C77000CE6B4C /* Models */,
				3B459F362C14CBA300CE6B4C /* Features */,
				3B459F312C14C75000CE6B4C /* Scenes */,
				3B459EFF2C14C5CE00CE6B4C /* Assets.xcassets */,
				3B459F012C14C5CE00CE6B4C /* Preview Content */,
			);
			path = RickMorty;
			sourceTree = "<group>";
		};
		3B459F012C14C5CE00CE6B4C /* Preview Content */ = {
			isa = PBXGroup;
			children = (
				3B459F022C14C5CE00CE6B4C /* Preview Assets.xcassets */,
			);
			path = "Preview Content";
			sourceTree = "<group>";
		};
		3B459F102C14C5CE00CE6B4C /* RickMortyTests */ = {
			isa = PBXGroup;
			children = (
				3B4704632C163473003B3238 /* Repositories */,
				3B4704622C16346D003B3238 /* Workers */,
				3B4704592C162558003B3238 /* Scenes */,
			);
			path = RickMortyTests;
			sourceTree = "<group>";
		};
		3B459F1A2C14C5CE00CE6B4C /* RickMortyUITests */ = {
			isa = PBXGroup;
			children = (
				3B459F1B2C14C5CE00CE6B4C /* RickMortyUITests.swift */,
			);
			path = RickMortyUITests;
			sourceTree = "<group>";
		};
		3B459F302C14C70900CE6B4C /* Persistance */ = {
			isa = PBXGroup;
			children = (
				3B459F042C14C5CE00CE6B4C /* PersistenceController.swift */,
				3B459F062C14C5CE00CE6B4C /* RickMorty.xcdatamodeld */,
			);
			path = Persistance;
			sourceTree = "<group>";
		};
		3B459F312C14C75000CE6B4C /* Scenes */ = {
			isa = PBXGroup;
			children = (
				3B4704462C1529ED003B3238 /* Main */,
				3B4704472C1529F4003B3238 /* Onboarding */,
				3B47043A2C15136D003B3238 /* CharactersList */,
				3B47043B2C15137E003B3238 /* CharacterDetails */,
				3B47043C2C15138C003B3238 /* EpisodeDetails */,
			);
			path = Scenes;
			sourceTree = "<group>";
		};
		3B459F322C14C76400CE6B4C /* Repositories */ = {
			isa = PBXGroup;
			children = (
				3B459F342C14C79A00CE6B4C /* FavouriteCharacterRepository.swift */,
			);
			path = Repositories;
			sourceTree = "<group>";
		};
		3B459F332C14C77000CE6B4C /* Models */ = {
			isa = PBXGroup;
			children = (
				3B459F3D2C14CEC200CE6B4C /* Character.swift */,
				3B459F3F2C14CEC900CE6B4C /* Episode.swift */,
				3B459F412C14E1FE00CE6B4C /* APIResponse.swift */,
			);
			path = Models;
			sourceTree = "<group>";
		};
		3B459F362C14CBA300CE6B4C /* Features */ = {
			isa = PBXGroup;
			children = (
				3B459F482C14F2CB00CE6B4C /* APIClient.swift */,
				3B47044A2C152E6D003B3238 /* RepositoryClient.swift */,
			);
			path = Features;
			sourceTree = "<group>";
		};
		3B459F4A2C1501EA00CE6B4C /* Workers */ = {
			isa = PBXGroup;
			children = (
				3B459F4B2C15026200CE6B4C /* RickMortyNetworkWorker.swift */,
			);
			path = Workers;
			sourceTree = "<group>";
		};
		3B47043A2C15136D003B3238 /* CharactersList */ = {
			isa = PBXGroup;
			children = (
				3B459F372C14CE9A00CE6B4C /* CharactersListView.swift */,
				3B47043D2C15147A003B3238 /* CharacterListItemView.swift */,
				3B459F452C14EBF300CE6B4C /* CharactersListReducer.swift */,
			);
			path = CharactersList;
			sourceTree = "<group>";
		};
		3B47043B2C15137E003B3238 /* CharacterDetails */ = {
			isa = PBXGroup;
			children = (
				3B459F392C14CEAC00CE6B4C /* CharacterDetailsView.swift */,
				3B47043F2C1517E8003B3238 /* CharacterDetailsReducer.swift */,
			);
			path = CharacterDetails;
			sourceTree = "<group>";
		};
		3B47043C2C15138C003B3238 /* EpisodeDetails */ = {
			isa = PBXGroup;
			children = (
				3B459F3B2C14CEB700CE6B4C /* EpisodeDetailsView.swift */,
			);
			path = EpisodeDetails;
			sourceTree = "<group>";
		};
		3B4704412C151AA5003B3238 /* Common */ = {
			isa = PBXGroup;
			children = (
				3B4704422C151AB2003B3238 /* Async.swift */,
				3B4704522C15D24C003B3238 /* Shadows.swift */,
				3B4704542C15D251003B3238 /* Margins.swift */,
				3B47044E2C15CD2F003B3238 /* GeometryModifier.swift */,
			);
			path = Common;
			sourceTree = "<group>";
		};
		3B4704462C1529ED003B3238 /* Main */ = {
			isa = PBXGroup;
			children = (
				3B459F432C14E34500CE6B4C /* MainView.swift */,
			);
			path = Main;
			sourceTree = "<group>";
		};
		3B4704472C1529F4003B3238 /* Onboarding */ = {
			isa = PBXGroup;
			children = (
				3B4704442C1525FE003B3238 /* OnboardingView.swift */,
			);
			path = Onboarding;
			sourceTree = "<group>";
		};
		3B4704592C162558003B3238 /* Scenes */ = {
			isa = PBXGroup;
			children = (
				3B47045B2C1625AA003B3238 /* CharactersListReducerTests.swift */,
				3B47045E2C1625C3003B3238 /* CharacterDetailsReducerTests.swift */,
			);
			path = Scenes;
			sourceTree = "<group>";
		};
		3B4704622C16346D003B3238 /* Workers */ = {
			isa = PBXGroup;
			children = (
				3B4704662C1634A0003B3238 /* RickMortyNetworkWorkerTests.swift */,
			);
			path = Workers;
			sourceTree = "<group>";
		};
		3B4704632C163473003B3238 /* Repositories */ = {
			isa = PBXGroup;
			children = (
				3B4704642C16348E003B3238 /* FavouriteCharacterRepositoryTests.swift */,
			);
			path = Repositories;
			sourceTree = "<group>";
		};
/* End PBXGroup section */

/* Begin PBXNativeTarget section */
		3B459EF72C14C5CD00CE6B4C /* RickMorty */ = {
			isa = PBXNativeTarget;
			buildConfigurationList = 3B459F212C14C5CE00CE6B4C /* Build configuration list for PBXNativeTarget "RickMorty" */;
			buildPhases = (
				3B459EF42C14C5CD00CE6B4C /* Sources */,
				3B459EF52C14C5CD00CE6B4C /* Frameworks */,
				3B459EF62C14C5CD00CE6B4C /* Resources */,
			);
			buildRules = (
			);
			dependencies = (
			);
			name = RickMorty;
			packageProductDependencies = (
				3B459F2B2C14C64E00CE6B4C /* ComposableArchitecture */,
			);
			productName = RickMorty;
			productReference = 3B459EF82C14C5CD00CE6B4C /* RickMorty.app */;
			productType = "com.apple.product-type.application";
		};
		3B459F0C2C14C5CE00CE6B4C /* RickMortyTests */ = {
			isa = PBXNativeTarget;
			buildConfigurationList = 3B459F242C14C5CE00CE6B4C /* Build configuration list for PBXNativeTarget "RickMortyTests" */;
			buildPhases = (
				3B459F092C14C5CE00CE6B4C /* Sources */,
				3B459F0A2C14C5CE00CE6B4C /* Frameworks */,
				3B459F0B2C14C5CE00CE6B4C /* Resources */,
			);
			buildRules = (
			);
			dependencies = (
				3B459F0F2C14C5CE00CE6B4C /* PBXTargetDependency */,
			);
			name = RickMortyTests;
			productName = RickMortyTests;
			productReference = 3B459F0D2C14C5CE00CE6B4C /* RickMortyTests.xctest */;
			productType = "com.apple.product-type.bundle.unit-test";
		};
		3B459F162C14C5CE00CE6B4C /* RickMortyUITests */ = {
			isa = PBXNativeTarget;
			buildConfigurationList = 3B459F272C14C5CE00CE6B4C /* Build configuration list for PBXNativeTarget "RickMortyUITests" */;
			buildPhases = (
				3B459F132C14C5CE00CE6B4C /* Sources */,
				3B459F142C14C5CE00CE6B4C /* Frameworks */,
				3B459F152C14C5CE00CE6B4C /* Resources */,
			);
			buildRules = (
			);
			dependencies = (
				3B459F192C14C5CE00CE6B4C /* PBXTargetDependency */,
			);
			name = RickMortyUITests;
			productName = RickMortyUITests;
			productReference = 3B459F172C14C5CE00CE6B4C /* RickMortyUITests.xctest */;
			productType = "com.apple.product-type.bundle.ui-testing";
		};
/* End PBXNativeTarget section */

/* Begin PBXProject section */
		3B459EF02C14C5CD00CE6B4C /* Project object */ = {
			isa = PBXProject;
			attributes = {
				BuildIndependentTargetsInParallel = 1;
				LastSwiftUpdateCheck = 1540;
				LastUpgradeCheck = 1540;
				TargetAttributes = {
					3B459EF72C14C5CD00CE6B4C = {
						CreatedOnToolsVersion = 15.4;
					};
					3B459F0C2C14C5CE00CE6B4C = {
						CreatedOnToolsVersion = 15.4;
						TestTargetID = 3B459EF72C14C5CD00CE6B4C;
					};
					3B459F162C14C5CE00CE6B4C = {
						CreatedOnToolsVersion = 15.4;
						TestTargetID = 3B459EF72C14C5CD00CE6B4C;
					};
				};
			};
			buildConfigurationList = 3B459EF32C14C5CD00CE6B4C /* Build configuration list for PBXProject "RickMorty" */;
			compatibilityVersion = "Xcode 14.0";
			developmentRegion = en;
			hasScannedForEncodings = 0;
			knownRegions = (
				en,
				Base,
			);
			mainGroup = 3B459EEF2C14C5CD00CE6B4C;
			packageReferences = (
				3B459F2A2C14C64E00CE6B4C /* XCRemoteSwiftPackageReference "swift-composable-architecture" */,
			);
			productRefGroup = 3B459EF92C14C5CD00CE6B4C /* Products */;
			projectDirPath = "";
			projectRoot = "";
			targets = (
				3B459EF72C14C5CD00CE6B4C /* RickMorty */,
				3B459F0C2C14C5CE00CE6B4C /* RickMortyTests */,
				3B459F162C14C5CE00CE6B4C /* RickMortyUITests */,
			);
		};
/* End PBXProject section */

/* Begin PBXResourcesBuildPhase section */
		3B459EF62C14C5CD00CE6B4C /* Resources */ = {
			isa = PBXResourcesBuildPhase;
			buildActionMask = 2147483647;
			files = (
				3B459F032C14C5CE00CE6B4C /* Preview Assets.xcassets in Resources */,
				3B459F002C14C5CE00CE6B4C /* Assets.xcassets in Resources */,
			);
			runOnlyForDeploymentPostprocessing = 0;
		};
		3B459F0B2C14C5CE00CE6B4C /* Resources */ = {
			isa = PBXResourcesBuildPhase;
			buildActionMask = 2147483647;
			files = (
			);
			runOnlyForDeploymentPostprocessing = 0;
		};
		3B459F152C14C5CE00CE6B4C /* Resources */ = {
			isa = PBXResourcesBuildPhase;
			buildActionMask = 2147483647;
			files = (
			);
			runOnlyForDeploymentPostprocessing = 0;
		};
/* End PBXResourcesBuildPhase section */

/* Begin PBXSourcesBuildPhase section */
		3B459EF42C14C5CD00CE6B4C /* Sources */ = {
			isa = PBXSourcesBuildPhase;
			buildActionMask = 2147483647;
			files = (
				3B4704532C15D24C003B3238 /* Shadows.swift in Sources */,
				3B459F3E2C14CEC200CE6B4C /* Character.swift in Sources */,
				3B459F052C14C5CE00CE6B4C /* PersistenceController.swift in Sources */,
				3B459F402C14CEC900CE6B4C /* Episode.swift in Sources */,
				3B4704452C1525FF003B3238 /* OnboardingView.swift in Sources */,
				3B4704432C151AB2003B3238 /* Async.swift in Sources */,
				3B459F382C14CE9A00CE6B4C /* CharactersListView.swift in Sources */,
				3B459F462C14EBF300CE6B4C /* CharactersListReducer.swift in Sources */,
				3B4704402C1517E8003B3238 /* CharacterDetailsReducer.swift in Sources */,
				3B459F422C14E1FE00CE6B4C /* APIResponse.swift in Sources */,
				3B4704552C15D251003B3238 /* Margins.swift in Sources */,
				3B47043E2C15147A003B3238 /* CharacterListItemView.swift in Sources */,
				3B459F3A2C14CEAC00CE6B4C /* CharacterDetailsView.swift in Sources */,
				3B459F4C2C15026200CE6B4C /* RickMortyNetworkWorker.swift in Sources */,
				3B47044B2C152E6D003B3238 /* RepositoryClient.swift in Sources */,
				3B459F352C14C79A00CE6B4C /* FavouriteCharacterRepository.swift in Sources */,
				3B459F442C14E34500CE6B4C /* MainView.swift in Sources */,
				3B459F492C14F2CB00CE6B4C /* APIClient.swift in Sources */,
				3B47044F2C15CD2F003B3238 /* GeometryModifier.swift in Sources */,
				3B459F3C2C14CEB700CE6B4C /* EpisodeDetailsView.swift in Sources */,
				3B459F082C14C5CE00CE6B4C /* RickMorty.xcdatamodeld in Sources */,
				3B459EFC2C14C5CD00CE6B4C /* RickMortyApp.swift in Sources */,
			);
			runOnlyForDeploymentPostprocessing = 0;
		};
		3B459F092C14C5CE00CE6B4C /* Sources */ = {
			isa = PBXSourcesBuildPhase;
			buildActionMask = 2147483647;
			files = (
				3B47045C2C1625AA003B3238 /* CharactersListReducerTests.swift in Sources */,
				3B4704672C1634A0003B3238 /* RickMortyNetworkWorkerTests.swift in Sources */,
				3B4704652C16348E003B3238 /* FavouriteCharacterRepositoryTests.swift in Sources */,
				3B47045F2C1625C3003B3238 /* CharacterDetailsReducerTests.swift in Sources */,
			);
			runOnlyForDeploymentPostprocessing = 0;
		};
		3B459F132C14C5CE00CE6B4C /* Sources */ = {
			isa = PBXSourcesBuildPhase;
			buildActionMask = 2147483647;
			files = (
				3B459F1C2C14C5CE00CE6B4C /* RickMortyUITests.swift in Sources */,
			);
			runOnlyForDeploymentPostprocessing = 0;
		};
/* End PBXSourcesBuildPhase section */

/* Begin PBXTargetDependency section */
		3B459F0F2C14C5CE00CE6B4C /* PBXTargetDependency */ = {
			isa = PBXTargetDependency;
			target = 3B459EF72C14C5CD00CE6B4C /* RickMorty */;
			targetProxy = 3B459F0E2C14C5CE00CE6B4C /* PBXContainerItemProxy */;
		};
		3B459F192C14C5CE00CE6B4C /* PBXTargetDependency */ = {
			isa = PBXTargetDependency;
			target = 3B459EF72C14C5CD00CE6B4C /* RickMorty */;
			targetProxy = 3B459F182C14C5CE00CE6B4C /* PBXContainerItemProxy */;
		};
/* End PBXTargetDependency section */

/* Begin XCBuildConfiguration section */
		3B459F1F2C14C5CE00CE6B4C /* Debug */ = {
			isa = XCBuildConfiguration;
			buildSettings = {
				ALWAYS_SEARCH_USER_PATHS = NO;
				ASSETCATALOG_COMPILER_GENERATE_SWIFT_ASSET_SYMBOL_EXTENSIONS = YES;
				CLANG_ANALYZER_NONNULL = YES;
				CLANG_ANALYZER_NUMBER_OBJECT_CONVERSION = YES_AGGRESSIVE;
				CLANG_CXX_LANGUAGE_STANDARD = "gnu++20";
				CLANG_ENABLE_MODULES = YES;
				CLANG_ENABLE_OBJC_ARC = YES;
				CLANG_ENABLE_OBJC_WEAK = YES;
				CLANG_WARN_BLOCK_CAPTURE_AUTORELEASING = YES;
				CLANG_WARN_BOOL_CONVERSION = YES;
				CLANG_WARN_COMMA = YES;
				CLANG_WARN_CONSTANT_CONVERSION = YES;
				CLANG_WARN_DEPRECATED_OBJC_IMPLEMENTATIONS = YES;
				CLANG_WARN_DIRECT_OBJC_ISA_USAGE = YES_ERROR;
				CLANG_WARN_DOCUMENTATION_COMMENTS = YES;
				CLANG_WARN_EMPTY_BODY = YES;
				CLANG_WARN_ENUM_CONVERSION = YES;
				CLANG_WARN_INFINITE_RECURSION = YES;
				CLANG_WARN_INT_CONVERSION = YES;
				CLANG_WARN_NON_LITERAL_NULL_CONVERSION = YES;
				CLANG_WARN_OBJC_IMPLICIT_RETAIN_SELF = YES;
				CLANG_WARN_OBJC_LITERAL_CONVERSION = YES;
				CLANG_WARN_OBJC_ROOT_CLASS = YES_ERROR;
				CLANG_WARN_QUOTED_INCLUDE_IN_FRAMEWORK_HEADER = YES;
				CLANG_WARN_RANGE_LOOP_ANALYSIS = YES;
				CLANG_WARN_STRICT_PROTOTYPES = YES;
				CLANG_WARN_SUSPICIOUS_MOVE = YES;
				CLANG_WARN_UNGUARDED_AVAILABILITY = YES_AGGRESSIVE;
				CLANG_WARN_UNREACHABLE_CODE = YES;
				CLANG_WARN__DUPLICATE_METHOD_MATCH = YES;
				COPY_PHASE_STRIP = NO;
				DEBUG_INFORMATION_FORMAT = dwarf;
				ENABLE_STRICT_OBJC_MSGSEND = YES;
				ENABLE_TESTABILITY = YES;
				ENABLE_USER_SCRIPT_SANDBOXING = YES;
				GCC_C_LANGUAGE_STANDARD = gnu17;
				GCC_DYNAMIC_NO_PIC = NO;
				GCC_NO_COMMON_BLOCKS = YES;
				GCC_OPTIMIZATION_LEVEL = 0;
				GCC_PREPROCESSOR_DEFINITIONS = (
					"DEBUG=1",
					"$(inherited)",
				);
				GCC_WARN_64_TO_32_BIT_CONVERSION = YES;
				GCC_WARN_ABOUT_RETURN_TYPE = YES_ERROR;
				GCC_WARN_UNDECLARED_SELECTOR = YES;
				GCC_WARN_UNINITIALIZED_AUTOS = YES_AGGRESSIVE;
				GCC_WARN_UNUSED_FUNCTION = YES;
				GCC_WARN_UNUSED_VARIABLE = YES;
				IPHONEOS_DEPLOYMENT_TARGET = 17.5;
				LOCALIZATION_PREFERS_STRING_CATALOGS = YES;
				MTL_ENABLE_DEBUG_INFO = INCLUDE_SOURCE;
				MTL_FAST_MATH = YES;
				ONLY_ACTIVE_ARCH = YES;
				SDKROOT = iphoneos;
				SWIFT_ACTIVE_COMPILATION_CONDITIONS = "DEBUG $(inherited)";
				SWIFT_OPTIMIZATION_LEVEL = "-Onone";
			};
			name = Debug;
		};
		3B459F202C14C5CE00CE6B4C /* Release */ = {
			isa = XCBuildConfiguration;
			buildSettings = {
				ALWAYS_SEARCH_USER_PATHS = NO;
				ASSETCATALOG_COMPILER_GENERATE_SWIFT_ASSET_SYMBOL_EXTENSIONS = YES;
				CLANG_ANALYZER_NONNULL = YES;
				CLANG_ANALYZER_NUMBER_OBJECT_CONVERSION = YES_AGGRESSIVE;
				CLANG_CXX_LANGUAGE_STANDARD = "gnu++20";
				CLANG_ENABLE_MODULES = YES;
				CLANG_ENABLE_OBJC_ARC = YES;
				CLANG_ENABLE_OBJC_WEAK = YES;
				CLANG_WARN_BLOCK_CAPTURE_AUTORELEASING = YES;
				CLANG_WARN_BOOL_CONVERSION = YES;
				CLANG_WARN_COMMA = YES;
				CLANG_WARN_CONSTANT_CONVERSION = YES;
				CLANG_WARN_DEPRECATED_OBJC_IMPLEMENTATIONS = YES;
				CLANG_WARN_DIRECT_OBJC_ISA_USAGE = YES_ERROR;
				CLANG_WARN_DOCUMENTATION_COMMENTS = YES;
				CLANG_WARN_EMPTY_BODY = YES;
				CLANG_WARN_ENUM_CONVERSION = YES;
				CLANG_WARN_INFINITE_RECURSION = YES;
				CLANG_WARN_INT_CONVERSION = YES;
				CLANG_WARN_NON_LITERAL_NULL_CONVERSION = YES;
				CLANG_WARN_OBJC_IMPLICIT_RETAIN_SELF = YES;
				CLANG_WARN_OBJC_LITERAL_CONVERSION = YES;
				CLANG_WARN_OBJC_ROOT_CLASS = YES_ERROR;
				CLANG_WARN_QUOTED_INCLUDE_IN_FRAMEWORK_HEADER = YES;
				CLANG_WARN_RANGE_LOOP_ANALYSIS = YES;
				CLANG_WARN_STRICT_PROTOTYPES = YES;
				CLANG_WARN_SUSPICIOUS_MOVE = YES;
				CLANG_WARN_UNGUARDED_AVAILABILITY = YES_AGGRESSIVE;
				CLANG_WARN_UNREACHABLE_CODE = YES;
				CLANG_WARN__DUPLICATE_METHOD_MATCH = YES;
				COPY_PHASE_STRIP = NO;
				DEBUG_INFORMATION_FORMAT = "dwarf-with-dsym";
				ENABLE_NS_ASSERTIONS = NO;
				ENABLE_STRICT_OBJC_MSGSEND = YES;
				ENABLE_USER_SCRIPT_SANDBOXING = YES;
				GCC_C_LANGUAGE_STANDARD = gnu17;
				GCC_NO_COMMON_BLOCKS = YES;
				GCC_WARN_64_TO_32_BIT_CONVERSION = YES;
				GCC_WARN_ABOUT_RETURN_TYPE = YES_ERROR;
				GCC_WARN_UNDECLARED_SELECTOR = YES;
				GCC_WARN_UNINITIALIZED_AUTOS = YES_AGGRESSIVE;
				GCC_WARN_UNUSED_FUNCTION = YES;
				GCC_WARN_UNUSED_VARIABLE = YES;
				IPHONEOS_DEPLOYMENT_TARGET = 17.5;
				LOCALIZATION_PREFERS_STRING_CATALOGS = YES;
				MTL_ENABLE_DEBUG_INFO = NO;
				MTL_FAST_MATH = YES;
				SDKROOT = iphoneos;
				SWIFT_COMPILATION_MODE = wholemodule;
				VALIDATE_PRODUCT = YES;
			};
			name = Release;
		};
		3B459F222C14C5CE00CE6B4C /* Debug */ = {
			isa = XCBuildConfiguration;
			buildSettings = {
				ASSETCATALOG_COMPILER_APPICON_NAME = AppIcon;
				ASSETCATALOG_COMPILER_GLOBAL_ACCENT_COLOR_NAME = AccentColor;
				CODE_SIGN_STYLE = Automatic;
				CURRENT_PROJECT_VERSION = 1;
				DEVELOPMENT_ASSET_PATHS = "\"RickMorty/Preview Content\"";
				DEVELOPMENT_TEAM = S73MBXSV7H;
				ENABLE_PREVIEWS = YES;
				GENERATE_INFOPLIST_FILE = YES;
				INFOPLIST_KEY_CFBundleDisplayName = "Rick & Morty";
				INFOPLIST_KEY_UIApplicationSceneManifest_Generation = YES;
				INFOPLIST_KEY_UIApplicationSupportsIndirectInputEvents = YES;
				INFOPLIST_KEY_UILaunchScreen_Generation = YES;
				INFOPLIST_KEY_UISupportedInterfaceOrientations_iPad = "UIInterfaceOrientationPortrait UIInterfaceOrientationPortraitUpsideDown UIInterfaceOrientationLandscapeLeft UIInterfaceOrientationLandscapeRight";
				INFOPLIST_KEY_UISupportedInterfaceOrientations_iPhone = "UIInterfaceOrientationPortrait UIInterfaceOrientationLandscapeLeft UIInterfaceOrientationLandscapeRight";
				IPHONEOS_DEPLOYMENT_TARGET = 15.0;
				LD_RUNPATH_SEARCH_PATHS = (
					"$(inherited)",
					"@executable_path/Frameworks",
				);
				MARKETING_VERSION = 1.0;
				PRODUCT_BUNDLE_IDENTIFIER = com.adamkopec.RickMorty;
				PRODUCT_NAME = "$(TARGET_NAME)";
				SWIFT_EMIT_LOC_STRINGS = YES;
				SWIFT_VERSION = 5.0;
				TARGETED_DEVICE_FAMILY = "1,2";
			};
			name = Debug;
		};
		3B459F232C14C5CE00CE6B4C /* Release */ = {
			isa = XCBuildConfiguration;
			buildSettings = {
				ASSETCATALOG_COMPILER_APPICON_NAME = AppIcon;
				ASSETCATALOG_COMPILER_GLOBAL_ACCENT_COLOR_NAME = AccentColor;
				CODE_SIGN_STYLE = Automatic;
				CURRENT_PROJECT_VERSION = 1;
				DEVELOPMENT_ASSET_PATHS = "\"RickMorty/Preview Content\"";
				DEVELOPMENT_TEAM = S73MBXSV7H;
				ENABLE_PREVIEWS = YES;
				GENERATE_INFOPLIST_FILE = YES;
				INFOPLIST_KEY_CFBundleDisplayName = "Rick & Morty";
				INFOPLIST_KEY_UIApplicationSceneManifest_Generation = YES;
				INFOPLIST_KEY_UIApplicationSupportsIndirectInputEvents = YES;
				INFOPLIST_KEY_UILaunchScreen_Generation = YES;
				INFOPLIST_KEY_UISupportedInterfaceOrientations_iPad = "UIInterfaceOrientationPortrait UIInterfaceOrientationPortraitUpsideDown UIInterfaceOrientationLandscapeLeft UIInterfaceOrientationLandscapeRight";
				INFOPLIST_KEY_UISupportedInterfaceOrientations_iPhone = "UIInterfaceOrientationPortrait UIInterfaceOrientationLandscapeLeft UIInterfaceOrientationLandscapeRight";
				IPHONEOS_DEPLOYMENT_TARGET = 15.0;
				LD_RUNPATH_SEARCH_PATHS = (
					"$(inherited)",
					"@executable_path/Frameworks",
				);
				MARKETING_VERSION = 1.0;
				PRODUCT_BUNDLE_IDENTIFIER = com.adamkopec.RickMorty;
				PRODUCT_NAME = "$(TARGET_NAME)";
				SWIFT_EMIT_LOC_STRINGS = YES;
				SWIFT_VERSION = 5.0;
				TARGETED_DEVICE_FAMILY = "1,2";
			};
			name = Release;
		};
		3B459F252C14C5CE00CE6B4C /* Debug */ = {
			isa = XCBuildConfiguration;
			buildSettings = {
				ALWAYS_EMBED_SWIFT_STANDARD_LIBRARIES = YES;
				BUNDLE_LOADER = "$(TEST_HOST)";
				CODE_SIGN_STYLE = Automatic;
				CURRENT_PROJECT_VERSION = 1;
				DEVELOPMENT_TEAM = S73MBXSV7H;
				GENERATE_INFOPLIST_FILE = YES;
				IPHONEOS_DEPLOYMENT_TARGET = 17.5;
				MARKETING_VERSION = 1.0;
				PRODUCT_BUNDLE_IDENTIFIER = com.adamkopec.RickMortyTests;
				PRODUCT_NAME = "$(TARGET_NAME)";
				SWIFT_EMIT_LOC_STRINGS = NO;
				SWIFT_VERSION = 5.0;
				TARGETED_DEVICE_FAMILY = "1,2";
				TEST_HOST = "$(BUILT_PRODUCTS_DIR)/RickMorty.app/$(BUNDLE_EXECUTABLE_FOLDER_PATH)/RickMorty";
			};
			name = Debug;
		};
		3B459F262C14C5CE00CE6B4C /* Release */ = {
			isa = XCBuildConfiguration;
			buildSettings = {
				ALWAYS_EMBED_SWIFT_STANDARD_LIBRARIES = YES;
				BUNDLE_LOADER = "$(TEST_HOST)";
				CODE_SIGN_STYLE = Automatic;
				CURRENT_PROJECT_VERSION = 1;
				DEVELOPMENT_TEAM = S73MBXSV7H;
				GENERATE_INFOPLIST_FILE = YES;
				IPHONEOS_DEPLOYMENT_TARGET = 17.5;
				MARKETING_VERSION = 1.0;
				PRODUCT_BUNDLE_IDENTIFIER = com.adamkopec.RickMortyTests;
				PRODUCT_NAME = "$(TARGET_NAME)";
				SWIFT_EMIT_LOC_STRINGS = NO;
				SWIFT_VERSION = 5.0;
				TARGETED_DEVICE_FAMILY = "1,2";
				TEST_HOST = "$(BUILT_PRODUCTS_DIR)/RickMorty.app/$(BUNDLE_EXECUTABLE_FOLDER_PATH)/RickMorty";
			};
			name = Release;
		};
		3B459F282C14C5CE00CE6B4C /* Debug */ = {
			isa = XCBuildConfiguration;
			buildSettings = {
				ALWAYS_EMBED_SWIFT_STANDARD_LIBRARIES = YES;
				CODE_SIGN_STYLE = Automatic;
				CURRENT_PROJECT_VERSION = 1;
				DEVELOPMENT_TEAM = S73MBXSV7H;
				GENERATE_INFOPLIST_FILE = YES;
				MARKETING_VERSION = 1.0;
				PRODUCT_BUNDLE_IDENTIFIER = com.adamkopec.RickMortyUITests;
				PRODUCT_NAME = "$(TARGET_NAME)";
				SWIFT_EMIT_LOC_STRINGS = NO;
				SWIFT_VERSION = 5.0;
				TARGETED_DEVICE_FAMILY = "1,2";
				TEST_TARGET_NAME = RickMorty;
			};
			name = Debug;
		};
		3B459F292C14C5CE00CE6B4C /* Release */ = {
			isa = XCBuildConfiguration;
			buildSettings = {
				ALWAYS_EMBED_SWIFT_STANDARD_LIBRARIES = YES;
				CODE_SIGN_STYLE = Automatic;
				CURRENT_PROJECT_VERSION = 1;
				DEVELOPMENT_TEAM = S73MBXSV7H;
				GENERATE_INFOPLIST_FILE = YES;
				MARKETING_VERSION = 1.0;
				PRODUCT_BUNDLE_IDENTIFIER = com.adamkopec.RickMortyUITests;
				PRODUCT_NAME = "$(TARGET_NAME)";
				SWIFT_EMIT_LOC_STRINGS = NO;
				SWIFT_VERSION = 5.0;
				TARGETED_DEVICE_FAMILY = "1,2";
				TEST_TARGET_NAME = RickMorty;
			};
			name = Release;
		};
/* End XCBuildConfiguration section */

/* Begin XCConfigurationList section */
		3B459EF32C14C5CD00CE6B4C /* Build configuration list for PBXProject "RickMorty" */ = {
			isa = XCConfigurationList;
			buildConfigurations = (
				3B459F1F2C14C5CE00CE6B4C /* Debug */,
				3B459F202C14C5CE00CE6B4C /* Release */,
			);
			defaultConfigurationIsVisible = 0;
			defaultConfigurationName = Release;
		};
		3B459F212C14C5CE00CE6B4C /* Build configuration list for PBXNativeTarget "RickMorty" */ = {
			isa = XCConfigurationList;
			buildConfigurations = (
				3B459F222C14C5CE00CE6B4C /* Debug */,
				3B459F232C14C5CE00CE6B4C /* Release */,
			);
			defaultConfigurationIsVisible = 0;
			defaultConfigurationName = Release;
		};
		3B459F242C14C5CE00CE6B4C /* Build configuration list for PBXNativeTarget "RickMortyTests" */ = {
			isa = XCConfigurationList;
			buildConfigurations = (
				3B459F252C14C5CE00CE6B4C /* Debug */,
				3B459F262C14C5CE00CE6B4C /* Release */,
			);
			defaultConfigurationIsVisible = 0;
			defaultConfigurationName = Release;
		};
		3B459F272C14C5CE00CE6B4C /* Build configuration list for PBXNativeTarget "RickMortyUITests" */ = {
			isa = XCConfigurationList;
			buildConfigurations = (
				3B459F282C14C5CE00CE6B4C /* Debug */,
				3B459F292C14C5CE00CE6B4C /* Release */,
			);
			defaultConfigurationIsVisible = 0;
			defaultConfigurationName = Release;
		};
/* End XCConfigurationList section */

/* Begin XCRemoteSwiftPackageReference section */
		3B459F2A2C14C64E00CE6B4C /* XCRemoteSwiftPackageReference "swift-composable-architecture" */ = {
			isa = XCRemoteSwiftPackageReference;
			repositoryURL = "https://github.com/pointfreeco/swift-composable-architecture.git";
			requirement = {
				kind = upToNextMajorVersion;
				minimumVersion = 1.11.0;
			};
		};
/* End XCRemoteSwiftPackageReference section */

/* Begin XCSwiftPackageProductDependency section */
		3B459F2B2C14C64E00CE6B4C /* ComposableArchitecture */ = {
			isa = XCSwiftPackageProductDependency;
			package = 3B459F2A2C14C64E00CE6B4C /* XCRemoteSwiftPackageReference "swift-composable-architecture" */;
			productName = ComposableArchitecture;
		};
/* End XCSwiftPackageProductDependency section */

/* Begin XCVersionGroup section */
		3B459F062C14C5CE00CE6B4C /* RickMorty.xcdatamodeld */ = {
			isa = XCVersionGroup;
			children = (
				3B459F072C14C5CE00CE6B4C /* RickMorty.xcdatamodel */,
			);
			currentVersion = 3B459F072C14C5CE00CE6B4C /* RickMorty.xcdatamodel */;
			path = RickMorty.xcdatamodeld;
			sourceTree = "<group>";
			versionGroupType = wrapper.xcdatamodel;
		};
/* End XCVersionGroup section */
	};
	rootObject = 3B459EF02C14C5CD00CE6B4C /* Project object */;
}
